
Microsoft Visual Studio Solution File, Format Version 12.00
# Visual Studio Version 17
VisualStudioVersion = 17.7.34202.233
MinimumVisualStudioVersion = 10.0.40219.1
Project("{FAE04EC0-301F-11D3-BF4B-00C04F79EFBC}") = "practica-8 visual  c", "practica-8 visual  c.csproj", "{E6E3BCA6-955A-4AF7-8188-5A50F826DBCA}"
EndProject
Global
	GlobalSection(SolutionConfigurationPlatforms) = preSolution
		Debug|Any CPU = Debug|Any CPU
		Release|Any CPU = Release|Any CPU
	EndGlobalSection
	GlobalSection(ProjectConfigurationPlatforms) = postSolution
		{E6E3BCA6-955A-4AF7-8188-5A50F826DBCA}.Debug|Any CPU.ActiveCfg = Debug|Any CPU
		{E6E3BCA6-955A-4AF7-8188-5A50F826DBCA}.Debug|Any CPU.Build.0 = Debug|Any CPU
		{E6E3BCA6-955A-4AF7-8188-5A50F826DBCA}.Release|Any CPU.ActiveCfg = Release|Any CPU
		{E6E3BCA6-955A-4AF7-8188-5A50F826DBCA}.Release|Any CPU.Build.0 = Release|Any CPU
	EndGlobalSection
	GlobalSection(SolutionProperties) = preSolution
		HideSolutionNode = FALSE
	EndGlobalSection
	GlobalSection(ExtensibilityGlobals) = postSolution
		SolutionGuid = {40729343-0FBF-4645-96B3-AF54D55585C7}
	EndGlobalSection
EndGlobal
